PODS:
  - BWWalkthrough (1.0.1)
  - ChameleonFramework/Default (2.1.0)
  - ChameleonFramework/Swift (2.1.0):
    - ChameleonFramework/Default

DEPENDENCIES:
  - BWWalkthrough
  - ChameleonFramework/Swift

SPEC CHECKSUMS:
  BWWalkthrough: 760b70d2a1b3f970a520806b771aa3f787fdc4cf
  ChameleonFramework: d21a3cc247abfe5e37609a283a8238b03575cf64

COCOAPODS: 0.39.0
