// !$*UTF8*$!
{
	archiveVersion = 1;
	classes = {
	};
	objectVersion = 46;
	objects = {

/* Begin PBXBuildFile section */
		1D0043BE1CB4B4AE006E6059 /* NotificationCenter.framework in Frameworks */ = {isa = PBXBuildFile; fileRef = 1D0043BD1CB4B4AE006E6059 /* NotificationCenter.framework */; };
		1D0043C11CB4B4AE006E6059 /* TodayViewController.swift in Sources */ = {isa = PBXBuildFile; fileRef = 1D0043C01CB4B4AE006E6059 /* TodayViewController.swift */; };
		1D0043C41CB4B4AE006E6059 /* MainInterface.storyboard in Resources */ = {isa = PBXBuildFile; fileRef = 1D0043C21CB4B4AE006E6059 /* MainInterface.storyboard */; };
		1D0043C81CB4B4AE006E6059 /* widget.appex in Embed App Extensions */ = {isa = PBXBuildFile; fileRef = 1D0043BC1CB4B4AE006E6059 /* widget.appex */; settings = {ATTRIBUTES = (RemoveHeadersOnCopy, ); }; };
		1DAFC23F1C927BA700F45F3A /* AppDelegate.swift in Sources */ = {isa = PBXBuildFile; fileRef = 1DAFC23E1C927BA700F45F3A /* AppDelegate.swift */; };
		1DAFC2441C927BA700F45F3A /* Main.storyboard in Resources */ = {isa = PBXBuildFile; fileRef = 1DAFC2421C927BA700F45F3A /* Main.storyboard */; };
		1DAFC2461C927BA700F45F3A /* Assets.xcassets in Resources */ = {isa = PBXBuildFile; fileRef = 1DAFC2451C927BA700F45F3A /* Assets.xcassets */; };
		1DAFC2491C927BA700F45F3A /* LaunchScreen.storyboard in Resources */ = {isa = PBXBuildFile; fileRef = 1DAFC2471C927BA700F45F3A /* LaunchScreen.storyboard */; };
		1DBC1C511CC31887000FF6CC /* CongratulationsViewController.swift in Sources */ = {isa = PBXBuildFile; fileRef = 1DBC1C501CC31887000FF6CC /* CongratulationsViewController.swift */; };
		1DBC1C531CC33DDC000FF6CC /* ProfileViewController.swift in Sources */ = {isa = PBXBuildFile; fileRef = 1DBC1C521CC33DDC000FF6CC /* ProfileViewController.swift */; };
		1DCC750A1C9B7A99009839CD /* WalkthroughViewController.swift in Sources */ = {isa = PBXBuildFile; fileRef = 1DCC75091C9B7A99009839CD /* WalkthroughViewController.swift */; };
		1DCC750D1C9B7B7A009839CD /* CustomPageViewController.swift in Sources */ = {isa = PBXBuildFile; fileRef = 1DCC750C1C9B7B7A009839CD /* CustomPageViewController.swift */; };
		1DCC750F1C9B81DA009839CD /* Walkthrough.storyboard in Resources */ = {isa = PBXBuildFile; fileRef = 1DCC750E1C9B81DA009839CD /* Walkthrough.storyboard */; };
		1F87D4403C285B5CB717B46F /* Pods_japanize.framework in Frameworks */ = {isa = PBXBuildFile; fileRef = 7ACE12FC0FEFA66703628E9C /* Pods_japanize.framework */; };
		37540A711CA3B3B400A27833 /* DrawKanjiView.swift in Sources */ = {isa = PBXBuildFile; fileRef = 37540A701CA3B3B400A27833 /* DrawKanjiView.swift */; };
		376B5C281CB1CE5D002B53F5 /* Stroke.swift in Sources */ = {isa = PBXBuildFile; fileRef = 376B5C271CB1CE5D002B53F5 /* Stroke.swift */; };
		37FD73371C9A780F00079F14 /* KanjiView.swift in Sources */ = {isa = PBXBuildFile; fileRef = 37FD73361C9A780F00079F14 /* KanjiView.swift */; };
		37FD73391C9A788800079F14 /* KanjiViewController.swift in Sources */ = {isa = PBXBuildFile; fileRef = 37FD73381C9A788800079F14 /* KanjiViewController.swift */; };
		61362E1F1CC1BAE200E1BE3E /* Book.swift in Sources */ = {isa = PBXBuildFile; fileRef = 61362E1E1CC1BAE200E1BE3E /* Book.swift */; };
		61362E211CC1C3A000E1BE3E /* Character.swift in Sources */ = {isa = PBXBuildFile; fileRef = 61362E201CC1C3A000E1BE3E /* Character.swift */; };
		614F7CA61CC375CD00146FFD /* JapanizeFileClient.swift in Sources */ = {isa = PBXBuildFile; fileRef = 614F7CA51CC375CD00146FFD /* JapanizeFileClient.swift */; };
		61567B861CC3056600CD58B7 /* Word.swift in Sources */ = {isa = PBXBuildFile; fileRef = 61567B851CC3056600CD58B7 /* Word.swift */; };
		61C175F01CCBECAF00C4524F /* User.swift in Sources */ = {isa = PBXBuildFile; fileRef = 61C175EF1CCBECAF00C4524F /* User.swift */; };
		61F7083D1CC163F9002873CC /* JapanizeClient.swift in Sources */ = {isa = PBXBuildFile; fileRef = 61F7083C1CC163F9002873CC /* JapanizeClient.swift */; };
		68121CB81C9E9EFD006CDB06 /* ChapterCell.swift in Sources */ = {isa = PBXBuildFile; fileRef = 68121CB71C9E9EFD006CDB06 /* ChapterCell.swift */; };
		68121CBA1C9EA1D0006CDB06 /* LevelCell.swift in Sources */ = {isa = PBXBuildFile; fileRef = 68121CB91C9EA1D0006CDB06 /* LevelCell.swift */; };
		68121CBE1CA0A008006CDB06 /* TabBarController.swift in Sources */ = {isa = PBXBuildFile; fileRef = 68121CBD1CA0A008006CDB06 /* TabBarController.swift */; };
		68216A271CBC830F006D8203 /* ArrayExtentions.swift in Sources */ = {isa = PBXBuildFile; fileRef = 68216A261CBC830F006D8203 /* ArrayExtentions.swift */; };
		68CDFE761CA31B5E003AD265 /* Chapter.swift in Sources */ = {isa = PBXBuildFile; fileRef = 68CDFE751CA31B5E003AD265 /* Chapter.swift */; };
		68FEA4701C9AB4C800E76D83 /* PronunciationViewController.swift in Sources */ = {isa = PBXBuildFile; fileRef = 68FEA46F1C9AB4C800E76D83 /* PronunciationViewController.swift */; };
		68FEA4721C9ABF9C00E76D83 /* ProgressViewController.swift in Sources */ = {isa = PBXBuildFile; fileRef = 68FEA4711C9ABF9C00E76D83 /* ProgressViewController.swift */; };
		68FEA4771C9ACA0E00E76D83 /* Level.swift in Sources */ = {isa = PBXBuildFile; fileRef = 68FEA4761C9ACA0E00E76D83 /* Level.swift */; };
/* End PBXBuildFile section */

/* Begin PBXContainerItemProxy section */
		1D0043C61CB4B4AE006E6059 /* PBXContainerItemProxy */ = {
			isa = PBXContainerItemProxy;
			containerPortal = 1DAFC2331C927BA700F45F3A /* Project object */;
			proxyType = 1;
			remoteGlobalIDString = 1D0043BB1CB4B4AE006E6059;
			remoteInfo = widget;
		};
/* End PBXContainerItemProxy section */

/* Begin PBXCopyFilesBuildPhase section */
		1D0043CC1CB4B4AE006E6059 /* Embed App Extensions */ = {
			isa = PBXCopyFilesBuildPhase;
			buildActionMask = 2147483647;
			dstPath = "";
			dstSubfolderSpec = 13;
			files = (
				1D0043C81CB4B4AE006E6059 /* widget.appex in Embed App Extensions */,
			);
			name = "Embed App Extensions";
			runOnlyForDeploymentPostprocessing = 0;
		};
/* End PBXCopyFilesBuildPhase section */

/* Begin PBXFileReference section */
		1D0043BC1CB4B4AE006E6059 /* widget.appex */ = {isa = PBXFileReference; explicitFileType = "wrapper.app-extension"; includeInIndex = 0; path = widget.appex; sourceTree = BUILT_PRODUCTS_DIR; };
		1D0043BD1CB4B4AE006E6059 /* NotificationCenter.framework */ = {isa = PBXFileReference; lastKnownFileType = wrapper.framework; name = NotificationCenter.framework; path = System/Library/Frameworks/NotificationCenter.framework; sourceTree = SDKROOT; };
		1D0043C01CB4B4AE006E6059 /* TodayViewController.swift */ = {isa = PBXFileReference; lastKnownFileType = sourcecode.swift; path = TodayViewController.swift; sourceTree = "<group>"; };
		1D0043C31CB4B4AE006E6059 /* Base */ = {isa = PBXFileReference; lastKnownFileType = file.storyboard; name = Base; path = Base.lproj/MainInterface.storyboard; sourceTree = "<group>"; };
		1D0043C51CB4B4AE006E6059 /* Info.plist */ = {isa = PBXFileReference; lastKnownFileType = text.plist.xml; path = Info.plist; sourceTree = "<group>"; };
		1DAFC23B1C927BA700F45F3A /* japanize.app */ = {isa = PBXFileReference; explicitFileType = wrapper.application; includeInIndex = 0; path = japanize.app; sourceTree = BUILT_PRODUCTS_DIR; };
		1DAFC23E1C927BA700F45F3A /* AppDelegate.swift */ = {isa = PBXFileReference; lastKnownFileType = sourcecode.swift; path = AppDelegate.swift; sourceTree = "<group>"; };
		1DAFC2431C927BA700F45F3A /* Base */ = {isa = PBXFileReference; lastKnownFileType = file.storyboard; name = Base; path = Base.lproj/Main.storyboard; sourceTree = "<group>"; };
		1DAFC2451C927BA700F45F3A /* Assets.xcassets */ = {isa = PBXFileReference; lastKnownFileType = folder.assetcatalog; path = Assets.xcassets; sourceTree = "<group>"; };
		1DAFC2481C927BA700F45F3A /* Base */ = {isa = PBXFileReference; lastKnownFileType = file.storyboard; name = Base; path = Base.lproj/LaunchScreen.storyboard; sourceTree = "<group>"; };
		1DAFC24A1C927BA700F45F3A /* Info.plist */ = {isa = PBXFileReference; lastKnownFileType = text.plist.xml; path = Info.plist; sourceTree = "<group>"; };
		1DBC1C501CC31887000FF6CC /* CongratulationsViewController.swift */ = {isa = PBXFileReference; fileEncoding = 4; lastKnownFileType = sourcecode.swift; path = CongratulationsViewController.swift; sourceTree = "<group>"; };
		1DBC1C521CC33DDC000FF6CC /* ProfileViewController.swift */ = {isa = PBXFileReference; fileEncoding = 4; lastKnownFileType = sourcecode.swift; path = ProfileViewController.swift; sourceTree = "<group>"; };
		1DCC75091C9B7A99009839CD /* WalkthroughViewController.swift */ = {isa = PBXFileReference; fileEncoding = 4; lastKnownFileType = sourcecode.swift; path = WalkthroughViewController.swift; sourceTree = "<group>"; };
		1DCC750C1C9B7B7A009839CD /* CustomPageViewController.swift */ = {isa = PBXFileReference; fileEncoding = 4; lastKnownFileType = sourcecode.swift; path = CustomPageViewController.swift; sourceTree = "<group>"; };
		1DCC750E1C9B81DA009839CD /* Walkthrough.storyboard */ = {isa = PBXFileReference; fileEncoding = 4; lastKnownFileType = file.storyboard; path = Walkthrough.storyboard; sourceTree = "<group>"; };
		37540A701CA3B3B400A27833 /* DrawKanjiView.swift */ = {isa = PBXFileReference; fileEncoding = 4; lastKnownFileType = sourcecode.swift; path = DrawKanjiView.swift; sourceTree = "<group>"; };
		376B5C271CB1CE5D002B53F5 /* Stroke.swift */ = {isa = PBXFileReference; fileEncoding = 4; lastKnownFileType = sourcecode.swift; path = Stroke.swift; sourceTree = "<group>"; };
		37FD73361C9A780F00079F14 /* KanjiView.swift */ = {isa = PBXFileReference; fileEncoding = 4; lastKnownFileType = sourcecode.swift; path = KanjiView.swift; sourceTree = "<group>"; };
		37FD73381C9A788800079F14 /* KanjiViewController.swift */ = {isa = PBXFileReference; fileEncoding = 4; lastKnownFileType = sourcecode.swift; path = KanjiViewController.swift; sourceTree = "<group>"; };
		61362E1E1CC1BAE200E1BE3E /* Book.swift */ = {isa = PBXFileReference; fileEncoding = 4; lastKnownFileType = sourcecode.swift; path = Book.swift; sourceTree = "<group>"; };
		61362E201CC1C3A000E1BE3E /* Character.swift */ = {isa = PBXFileReference; fileEncoding = 4; lastKnownFileType = sourcecode.swift; path = Character.swift; sourceTree = "<group>"; };
		614F7CA51CC375CD00146FFD /* JapanizeFileClient.swift */ = {isa = PBXFileReference; fileEncoding = 4; lastKnownFileType = sourcecode.swift; path = JapanizeFileClient.swift; sourceTree = "<group>"; };
		61567B851CC3056600CD58B7 /* Word.swift */ = {isa = PBXFileReference; fileEncoding = 4; lastKnownFileType = sourcecode.swift; path = Word.swift; sourceTree = "<group>"; };
		61C175EF1CCBECAF00C4524F /* User.swift */ = {isa = PBXFileReference; fileEncoding = 4; lastKnownFileType = sourcecode.swift; path = User.swift; sourceTree = "<group>"; };
		61F7083C1CC163F9002873CC /* JapanizeClient.swift */ = {isa = PBXFileReference; fileEncoding = 4; lastKnownFileType = sourcecode.swift; path = JapanizeClient.swift; sourceTree = "<group>"; };
		65C68BEDE944D35F3BE2462C /* Pods-japanize.release.xcconfig */ = {isa = PBXFileReference; includeInIndex = 1; lastKnownFileType = text.xcconfig; name = "Pods-japanize.release.xcconfig"; path = "Pods/Target Support Files/Pods-japanize/Pods-japanize.release.xcconfig"; sourceTree = "<group>"; };
		68121CB71C9E9EFD006CDB06 /* ChapterCell.swift */ = {isa = PBXFileReference; fileEncoding = 4; lastKnownFileType = sourcecode.swift; path = ChapterCell.swift; sourceTree = "<group>"; };
		68121CB91C9EA1D0006CDB06 /* LevelCell.swift */ = {isa = PBXFileReference; fileEncoding = 4; lastKnownFileType = sourcecode.swift; path = LevelCell.swift; sourceTree = "<group>"; };
		68121CBD1CA0A008006CDB06 /* TabBarController.swift */ = {isa = PBXFileReference; fileEncoding = 4; lastKnownFileType = sourcecode.swift; path = TabBarController.swift; sourceTree = "<group>"; };
		681444DA1C9C201A00050850 /* README.md */ = {isa = PBXFileReference; lastKnownFileType = net.daringfireball.markdown; path = README.md; sourceTree = "<group>"; };
		68216A261CBC830F006D8203 /* ArrayExtentions.swift */ = {isa = PBXFileReference; fileEncoding = 4; lastKnownFileType = sourcecode.swift; name = ArrayExtentions.swift; path = japanize/Extentions/ArrayExtentions.swift; sourceTree = "<group>"; };
		68CDFE751CA31B5E003AD265 /* Chapter.swift */ = {isa = PBXFileReference; fileEncoding = 4; lastKnownFileType = sourcecode.swift; path = Chapter.swift; sourceTree = "<group>"; };
		68FEA46F1C9AB4C800E76D83 /* PronunciationViewController.swift */ = {isa = PBXFileReference; fileEncoding = 4; lastKnownFileType = sourcecode.swift; path = PronunciationViewController.swift; sourceTree = "<group>"; };
		68FEA4711C9ABF9C00E76D83 /* ProgressViewController.swift */ = {isa = PBXFileReference; fileEncoding = 4; lastKnownFileType = sourcecode.swift; path = ProgressViewController.swift; sourceTree = "<group>"; };
		68FEA4761C9ACA0E00E76D83 /* Level.swift */ = {isa = PBXFileReference; fileEncoding = 4; lastKnownFileType = sourcecode.swift; path = Level.swift; sourceTree = "<group>"; };
		7ACE12FC0FEFA66703628E9C /* Pods_japanize.framework */ = {isa = PBXFileReference; explicitFileType = wrapper.framework; includeInIndex = 0; path = Pods_japanize.framework; sourceTree = BUILT_PRODUCTS_DIR; };
		AF6A60833A02A61007F93064 /* Pods-japanize.debug.xcconfig */ = {isa = PBXFileReference; includeInIndex = 1; lastKnownFileType = text.xcconfig; name = "Pods-japanize.debug.xcconfig"; path = "Pods/Target Support Files/Pods-japanize/Pods-japanize.debug.xcconfig"; sourceTree = "<group>"; };
/* End PBXFileReference section */

/* Begin PBXFrameworksBuildPhase section */
		1D0043B91CB4B4AE006E6059 /* Frameworks */ = {
			isa = PBXFrameworksBuildPhase;
			buildActionMask = 2147483647;
			files = (
				1D0043BE1CB4B4AE006E6059 /* NotificationCenter.framework in Frameworks */,
			);
			runOnlyForDeploymentPostprocessing = 0;
		};
		1DAFC2381C927BA700F45F3A /* Frameworks */ = {
			isa = PBXFrameworksBuildPhase;
			buildActionMask = 2147483647;
			files = (
				1F87D4403C285B5CB717B46F /* Pods_japanize.framework in Frameworks */,
			);
			runOnlyForDeploymentPostprocessing = 0;
		};
/* End PBXFrameworksBuildPhase section */

/* Begin PBXGroup section */
		0E8308D6A4E028DFA737E64F /* Pods */ = {
			isa = PBXGroup;
			children = (
				AF6A60833A02A61007F93064 /* Pods-japanize.debug.xcconfig */,
				65C68BEDE944D35F3BE2462C /* Pods-japanize.release.xcconfig */,
			);
			name = Pods;
			sourceTree = "<group>";
		};
		1D0043BF1CB4B4AE006E6059 /* widget */ = {
			isa = PBXGroup;
			children = (
				1D0043C01CB4B4AE006E6059 /* TodayViewController.swift */,
				1D0043C21CB4B4AE006E6059 /* MainInterface.storyboard */,
				1D0043C51CB4B4AE006E6059 /* Info.plist */,
			);
			path = widget;
			sourceTree = "<group>";
		};
		1DAFC2321C927BA700F45F3A = {
			isa = PBXGroup;
			children = (
				68216A281CBC8391006D8203 /* Extentions */,
				681444DA1C9C201A00050850 /* README.md */,
				1DAFC23D1C927BA700F45F3A /* japanize */,
				1D0043BF1CB4B4AE006E6059 /* widget */,
				1DAFC23C1C927BA700F45F3A /* Products */,
				0E8308D6A4E028DFA737E64F /* Pods */,
				75C4DC7923C5A5C9041B8B43 /* Frameworks */,
			);
			sourceTree = "<group>";
		};
		1DAFC23C1C927BA700F45F3A /* Products */ = {
			isa = PBXGroup;
			children = (
				1DAFC23B1C927BA700F45F3A /* japanize.app */,
				1D0043BC1CB4B4AE006E6059 /* widget.appex */,
			);
			name = Products;
			sourceTree = "<group>";
		};
		1DAFC23D1C927BA700F45F3A /* japanize */ = {
			isa = PBXGroup;
			children = (
				1DBC1C521CC33DDC000FF6CC /* ProfileViewController.swift */,
				1DBC1C501CC31887000FF6CC /* CongratulationsViewController.swift */,
				61C175EF1CCBECAF00C4524F /* User.swift */,
				614F7CA51CC375CD00146FFD /* JapanizeFileClient.swift */,
				61F7083C1CC163F9002873CC /* JapanizeClient.swift */,
				61362E1D1CC1BAD100E1BE3E /* Models */,
				1DAFC23E1C927BA700F45F3A /* AppDelegate.swift */,
				68121CBD1CA0A008006CDB06 /* TabBarController.swift */,
				1DCC750B1C9B7AAC009839CD /* Walkthrough */,
				68FEA46D1C9919FC00E76D83 /* Levels and Progress */,
				68FEA4741C9AC19900E76D83 /* Kanji */,
				68FEA4751C9AC1E300E76D83 /* Audio */,
				1DAFC2421C927BA700F45F3A /* Main.storyboard */,
				1DAFC2451C927BA700F45F3A /* Assets.xcassets */,
				1DAFC2471C927BA700F45F3A /* LaunchScreen.storyboard */,
				1DAFC24A1C927BA700F45F3A /* Info.plist */,
			);
			path = japanize;
			sourceTree = "<group>";
		};
		1DCC750B1C9B7AAC009839CD /* Walkthrough */ = {
			isa = PBXGroup;
			children = (
				1DCC750E1C9B81DA009839CD /* Walkthrough.storyboard */,
				1DCC75091C9B7A99009839CD /* WalkthroughViewController.swift */,
				1DCC750C1C9B7B7A009839CD /* CustomPageViewController.swift */,
			);
			name = Walkthrough;
			sourceTree = "<group>";
		};
		61362E1D1CC1BAD100E1BE3E /* Models */ = {
			isa = PBXGroup;
			children = (
				61362E1E1CC1BAE200E1BE3E /* Book.swift */,
				68CDFE751CA31B5E003AD265 /* Chapter.swift */,
				68FEA4761C9ACA0E00E76D83 /* Level.swift */,
				61362E201CC1C3A000E1BE3E /* Character.swift */,
				61567B851CC3056600CD58B7 /* Word.swift */,
				376B5C271CB1CE5D002B53F5 /* Stroke.swift */,
			);
			name = Models;
			sourceTree = "<group>";
		};
		68216A281CBC8391006D8203 /* Extentions */ = {
			isa = PBXGroup;
			children = (
				68216A261CBC830F006D8203 /* ArrayExtentions.swift */,
			);
			name = Extentions;
			sourceTree = "<group>";
		};
		68FEA46D1C9919FC00E76D83 /* Levels and Progress */ = {
			isa = PBXGroup;
			children = (
				68121CB91C9EA1D0006CDB06 /* LevelCell.swift */,
				68121CB71C9E9EFD006CDB06 /* ChapterCell.swift */,
				68FEA4711C9ABF9C00E76D83 /* ProgressViewController.swift */,
			);
			name = "Levels and Progress";
			sourceTree = "<group>";
		};
		68FEA4741C9AC19900E76D83 /* Kanji */ = {
			isa = PBXGroup;
			children = (
				37540A701CA3B3B400A27833 /* DrawKanjiView.swift */,
				37FD73361C9A780F00079F14 /* KanjiView.swift */,
				37FD73381C9A788800079F14 /* KanjiViewController.swift */,
			);
			name = Kanji;
			sourceTree = "<group>";
		};
		68FEA4751C9AC1E300E76D83 /* Audio */ = {
			isa = PBXGroup;
			children = (
				68FEA46F1C9AB4C800E76D83 /* PronunciationViewController.swift */,
			);
			name = Audio;
			sourceTree = "<group>";
		};
		75C4DC7923C5A5C9041B8B43 /* Frameworks */ = {
			isa = PBXGroup;
			children = (
				7ACE12FC0FEFA66703628E9C /* Pods_japanize.framework */,
				1D0043BD1CB4B4AE006E6059 /* NotificationCenter.framework */,
			);
			name = Frameworks;
			sourceTree = "<group>";
		};
/* End PBXGroup section */

/* Begin PBXNativeTarget section */
		1D0043BB1CB4B4AE006E6059 /* widget */ = {
			isa = PBXNativeTarget;
			buildConfigurationList = 1D0043CB1CB4B4AE006E6059 /* Build configuration list for PBXNativeTarget "widget" */;
			buildPhases = (
				1D0043B81CB4B4AE006E6059 /* Sources */,
				1D0043B91CB4B4AE006E6059 /* Frameworks */,
				1D0043BA1CB4B4AE006E6059 /* Resources */,
			);
			buildRules = (
			);
			dependencies = (
			);
			name = widget;
			productName = widget;
			productReference = 1D0043BC1CB4B4AE006E6059 /* widget.appex */;
			productType = "com.apple.product-type.app-extension";
		};
		1DAFC23A1C927BA700F45F3A /* japanize */ = {
			isa = PBXNativeTarget;
			buildConfigurationList = 1DAFC24D1C927BA700F45F3A /* Build configuration list for PBXNativeTarget "japanize" */;
			buildPhases = (
				40682850D2C4DE2ABB940DD4 /* Check Pods Manifest.lock */,
				1DAFC2371C927BA700F45F3A /* Sources */,
				1DAFC2381C927BA700F45F3A /* Frameworks */,
				1DAFC2391C927BA700F45F3A /* Resources */,
				AD0ACD1E20C9625E3D8779D5 /* Embed Pods Frameworks */,
				30BE36207BB6AC428A9BC449 /* Copy Pods Resources */,
				1D0043CC1CB4B4AE006E6059 /* Embed App Extensions */,
			);
			buildRules = (
			);
			dependencies = (
				1D0043C71CB4B4AE006E6059 /* PBXTargetDependency */,
			);
			name = japanize;
			productName = japanize;
			productReference = 1DAFC23B1C927BA700F45F3A /* japanize.app */;
			productType = "com.apple.product-type.application";
		};
/* End PBXNativeTarget section */

/* Begin PBXProject section */
		1DAFC2331C927BA700F45F3A /* Project object */ = {
			isa = PBXProject;
			attributes = {
				LastSwiftUpdateCheck = 0730;
				LastUpgradeCheck = 0720;
				ORGANIZATIONNAME = Codepath;
				TargetAttributes = {
					1D0043BB1CB4B4AE006E6059 = {
						CreatedOnToolsVersion = 7.3;
						DevelopmentTeam = 8R4KYHW9Z4;
					};
					1DAFC23A1C927BA700F45F3A = {
						CreatedOnToolsVersion = 7.2;
					};
				};
			};
			buildConfigurationList = 1DAFC2361C927BA700F45F3A /* Build configuration list for PBXProject "japanize" */;
			compatibilityVersion = "Xcode 3.2";
			developmentRegion = English;
			hasScannedForEncodings = 0;
			knownRegions = (
				en,
				Base,
			);
			mainGroup = 1DAFC2321C927BA700F45F3A;
			productRefGroup = 1DAFC23C1C927BA700F45F3A /* Products */;
			projectDirPath = "";
			projectRoot = "";
			targets = (
				1DAFC23A1C927BA700F45F3A /* japanize */,
				1D0043BB1CB4B4AE006E6059 /* widget */,
			);
		};
/* End PBXProject section */

/* Begin PBXResourcesBuildPhase section */
		1D0043BA1CB4B4AE006E6059 /* Resources */ = {
			isa = PBXResourcesBuildPhase;
			buildActionMask = 2147483647;
			files = (
				1D0043C41CB4B4AE006E6059 /* MainInterface.storyboard in Resources */,
			);
			runOnlyForDeploymentPostprocessing = 0;
		};
		1DAFC2391C927BA700F45F3A /* Resources */ = {
			isa = PBXResourcesBuildPhase;
			buildActionMask = 2147483647;
			files = (
				1DAFC2491C927BA700F45F3A /* LaunchScreen.storyboard in Resources */,
				1DCC750F1C9B81DA009839CD /* Walkthrough.storyboard in Resources */,
				1DAFC2461C927BA700F45F3A /* Assets.xcassets in Resources */,
				1DAFC2441C927BA700F45F3A /* Main.storyboard in Resources */,
			);
			runOnlyForDeploymentPostprocessing = 0;
		};
/* End PBXResourcesBuildPhase section */

/* Begin PBXShellScriptBuildPhase section */
		30BE36207BB6AC428A9BC449 /* Copy Pods Resources */ = {
			isa = PBXShellScriptBuildPhase;
			buildActionMask = 2147483647;
			files = (
			);
			inputPaths = (
			);
			name = "Copy Pods Resources";
			outputPaths = (
			);
			runOnlyForDeploymentPostprocessing = 0;
			shellPath = /bin/sh;
			shellScript = "\"${SRCROOT}/Pods/Target Support Files/Pods-japanize/Pods-japanize-resources.sh\"\n";
			showEnvVarsInLog = 0;
		};
		40682850D2C4DE2ABB940DD4 /* Check Pods Manifest.lock */ = {
			isa = PBXShellScriptBuildPhase;
			buildActionMask = 2147483647;
			files = (
			);
			inputPaths = (
			);
			name = "Check Pods Manifest.lock";
			outputPaths = (
			);
			runOnlyForDeploymentPostprocessing = 0;
			shellPath = /bin/sh;
			shellScript = "diff \"${PODS_ROOT}/../Podfile.lock\" \"${PODS_ROOT}/Manifest.lock\" > /dev/null\nif [[ $? != 0 ]] ; then\n    cat << EOM\nerror: The sandbox is not in sync with the Podfile.lock. Run 'pod install' or update your CocoaPods installation.\nEOM\n    exit 1\nfi\n";
			showEnvVarsInLog = 0;
		};
		AD0ACD1E20C9625E3D8779D5 /* Embed Pods Frameworks */ = {
			isa = PBXShellScriptBuildPhase;
			buildActionMask = 2147483647;
			files = (
			);
			inputPaths = (
			);
			name = "Embed Pods Frameworks";
			outputPaths = (
			);
			runOnlyForDeploymentPostprocessing = 0;
			shellPath = /bin/sh;
			shellScript = "\"${SRCROOT}/Pods/Target Support Files/Pods-japanize/Pods-japanize-frameworks.sh\"\n";
			showEnvVarsInLog = 0;
		};
/* End PBXShellScriptBuildPhase section */

/* Begin PBXSourcesBuildPhase section */
		1D0043B81CB4B4AE006E6059 /* Sources */ = {
			isa = PBXSourcesBuildPhase;
			buildActionMask = 2147483647;
			files = (
				1D0043C11CB4B4AE006E6059 /* TodayViewController.swift in Sources */,
			);
			runOnlyForDeploymentPostprocessing = 0;
		};
		1DAFC2371C927BA700F45F3A /* Sources */ = {
			isa = PBXSourcesBuildPhase;
			buildActionMask = 2147483647;
			files = (
				68FEA4701C9AB4C800E76D83 /* PronunciationViewController.swift in Sources */,
				68FEA4771C9ACA0E00E76D83 /* Level.swift in Sources */,
				37540A711CA3B3B400A27833 /* DrawKanjiView.swift in Sources */,
				1DCC750A1C9B7A99009839CD /* WalkthroughViewController.swift in Sources */,
				68121CBA1C9EA1D0006CDB06 /* LevelCell.swift in Sources */,
				1DBC1C531CC33DDC000FF6CC /* ProfileViewController.swift in Sources */,
				37FD73391C9A788800079F14 /* KanjiViewController.swift in Sources */,
				1DBC1C511CC31887000FF6CC /* CongratulationsViewController.swift in Sources */,
				61362E211CC1C3A000E1BE3E /* Character.swift in Sources */,
				61567B861CC3056600CD58B7 /* Word.swift in Sources */,
				614F7CA61CC375CD00146FFD /* JapanizeFileClient.swift in Sources */,
				68FEA4721C9ABF9C00E76D83 /* ProgressViewController.swift in Sources */,
				68216A271CBC830F006D8203 /* ArrayExtentions.swift in Sources */,
				68121CB81C9E9EFD006CDB06 /* ChapterCell.swift in Sources */,
				68CDFE761CA31B5E003AD265 /* Chapter.swift in Sources */,
				61362E1F1CC1BAE200E1BE3E /* Book.swift in Sources */,
				1DAFC23F1C927BA700F45F3A /* AppDelegate.swift in Sources */,
				37FD73371C9A780F00079F14 /* KanjiView.swift in Sources */,
				68121CBE1CA0A008006CDB06 /* TabBarController.swift in Sources */,
				61C175F01CCBECAF00C4524F /* User.swift in Sources */,
				1DCC750D1C9B7B7A009839CD /* CustomPageViewController.swift in Sources */,
				61F7083D1CC163F9002873CC /* JapanizeClient.swift in Sources */,
				376B5C281CB1CE5D002B53F5 /* Stroke.swift in Sources */,
			);
			runOnlyForDeploymentPostprocessing = 0;
		};
/* End PBXSourcesBuildPhase section */

/* Begin PBXTargetDependency section */
		1D0043C71CB4B4AE006E6059 /* PBXTargetDependency */ = {
			isa = PBXTargetDependency;
			target = 1D0043BB1CB4B4AE006E6059 /* widget */;
			targetProxy = 1D0043C61CB4B4AE006E6059 /* PBXContainerItemProxy */;
		};
/* End PBXTargetDependency section */

/* Begin PBXVariantGroup section */
		1D0043C21CB4B4AE006E6059 /* MainInterface.storyboard */ = {
			isa = PBXVariantGroup;
			children = (
				1D0043C31CB4B4AE006E6059 /* Base */,
			);
			name = MainInterface.storyboard;
			sourceTree = "<group>";
		};
		1DAFC2421C927BA700F45F3A /* Main.storyboard */ = {
			isa = PBXVariantGroup;
			children = (
				1DAFC2431C927BA700F45F3A /* Base */,
			);
			name = Main.storyboard;
			sourceTree = "<group>";
		};
		1DAFC2471C927BA700F45F3A /* LaunchScreen.storyboard */ = {
			isa = PBXVariantGroup;
			children = (
				1DAFC2481C927BA700F45F3A /* Base */,
			);
			name = LaunchScreen.storyboard;
			sourceTree = "<group>";
		};
/* End PBXVariantGroup section */

/* Begin XCBuildConfiguration section */
		1D0043C91CB4B4AE006E6059 /* Debug */ = {
			isa = XCBuildConfiguration;
			buildSettings = {
				CLANG_ANALYZER_NONNULL = YES;
				CODE_SIGN_IDENTITY = "iPhone Developer";
				"CODE_SIGN_IDENTITY[sdk=iphoneos*]" = "iPhone Developer";
				EMBEDDED_CONTENT_CONTAINS_SWIFT = YES;
				INFOPLIST_FILE = widget/Info.plist;
				IPHONEOS_DEPLOYMENT_TARGET = 9.3;
				LD_RUNPATH_SEARCH_PATHS = "$(inherited) @executable_path/Frameworks @executable_path/../../Frameworks";
				PRODUCT_BUNDLE_IDENTIFIER = com.codepath.japanize.WoToday;
				PRODUCT_NAME = "$(TARGET_NAME)";
				PROVISIONING_PROFILE = "";
				SKIP_INSTALL = NO;
			};
			name = Debug;
		};
		1D0043CA1CB4B4AE006E6059 /* Release */ = {
			isa = XCBuildConfiguration;
			buildSettings = {
				CLANG_ANALYZER_NONNULL = YES;
				CODE_SIGN_IDENTITY = "iPhone Developer";
				"CODE_SIGN_IDENTITY[sdk=iphoneos*]" = "iPhone Developer";
				EMBEDDED_CONTENT_CONTAINS_SWIFT = YES;
				INFOPLIST_FILE = widget/Info.plist;
				IPHONEOS_DEPLOYMENT_TARGET = 9.3;
				LD_RUNPATH_SEARCH_PATHS = "$(inherited) @executable_path/Frameworks @executable_path/../../Frameworks";
				PRODUCT_BUNDLE_IDENTIFIER = com.codepath.japanize.WoToday;
				PRODUCT_NAME = "$(TARGET_NAME)";
				PROVISIONING_PROFILE = "";
				SKIP_INSTALL = NO;
			};
			name = Release;
		};
		1DAFC24B1C927BA700F45F3A /* Debug */ = {
			isa = XCBuildConfiguration;
			buildSettings = {
				ALWAYS_SEARCH_USER_PATHS = NO;
				CLANG_CXX_LANGUAGE_STANDARD = "gnu++0x";
				CLANG_CXX_LIBRARY = "libc++";
				CLANG_ENABLE_MODULES = YES;
				CLANG_ENABLE_OBJC_ARC = YES;
				CLANG_WARN_BOOL_CONVERSION = YES;
				CLANG_WARN_CONSTANT_CONVERSION = YES;
				CLANG_WARN_DIRECT_OBJC_ISA_USAGE = YES_ERROR;
				CLANG_WARN_EMPTY_BODY = YES;
				CLANG_WARN_ENUM_CONVERSION = YES;
				CLANG_WARN_INT_CONVERSION = YES;
				CLANG_WARN_OBJC_ROOT_CLASS = YES_ERROR;
				CLANG_WARN_UNREACHABLE_CODE = YES;
				CLANG_WARN__DUPLICATE_METHOD_MATCH = YES;
				"CODE_SIGN_IDENTITY[sdk=iphoneos*]" = "iPhone Developer";
				COPY_PHASE_STRIP = NO;
				DEBUG_INFORMATION_FORMAT = dwarf;
				ENABLE_STRICT_OBJC_MSGSEND = YES;
				ENABLE_TESTABILITY = YES;
				GCC_C_LANGUAGE_STANDARD = gnu99;
				GCC_DYNAMIC_NO_PIC = NO;
				GCC_NO_COMMON_BLOCKS = YES;
				GCC_OPTIMIZATION_LEVEL = 0;
				GCC_PREPROCESSOR_DEFINITIONS = (
					"DEBUG=1",
					"$(inherited)",
				);
				GCC_WARN_64_TO_32_BIT_CONVERSION = YES;
				GCC_WARN_ABOUT_RETURN_TYPE = YES_ERROR;
				GCC_WARN_UNDECLARED_SELECTOR = YES;
				GCC_WARN_UNINITIALIZED_AUTOS = YES_AGGRESSIVE;
				GCC_WARN_UNUSED_FUNCTION = YES;
				GCC_WARN_UNUSED_VARIABLE = YES;
				IPHONEOS_DEPLOYMENT_TARGET = 9.2;
				MTL_ENABLE_DEBUG_INFO = YES;
				ONLY_ACTIVE_ARCH = YES;
				SDKROOT = iphoneos;
				SWIFT_OPTIMIZATION_LEVEL = "-Onone";
			};
			name = Debug;
		};
		1DAFC24C1C927BA700F45F3A /* Release */ = {
			isa = XCBuildConfiguration;
			buildSettings = {
				ALWAYS_SEARCH_USER_PATHS = NO;
				CLANG_CXX_LANGUAGE_STANDARD = "gnu++0x";
				CLANG_CXX_LIBRARY = "libc++";
				CLANG_ENABLE_MODULES = YES;
				CLANG_ENABLE_OBJC_ARC = YES;
				CLANG_WARN_BOOL_CONVERSION = YES;
				CLANG_WARN_CONSTANT_CONVERSION = YES;
				CLANG_WARN_DIRECT_OBJC_ISA_USAGE = YES_ERROR;
				CLANG_WARN_EMPTY_BODY = YES;
				CLANG_WARN_ENUM_CONVERSION = YES;
				CLANG_WARN_INT_CONVERSION = YES;
				CLANG_WARN_OBJC_ROOT_CLASS = YES_ERROR;
				CLANG_WARN_UNREACHABLE_CODE = YES;
				CLANG_WARN__DUPLICATE_METHOD_MATCH = YES;
				"CODE_SIGN_IDENTITY[sdk=iphoneos*]" = "iPhone Developer";
				COPY_PHASE_STRIP = NO;
				DEBUG_INFORMATION_FORMAT = "dwarf-with-dsym";
				ENABLE_NS_ASSERTIONS = NO;
				ENABLE_STRICT_OBJC_MSGSEND = YES;
				GCC_C_LANGUAGE_STANDARD = gnu99;
				GCC_NO_COMMON_BLOCKS = YES;
				GCC_WARN_64_TO_32_BIT_CONVERSION = YES;
				GCC_WARN_ABOUT_RETURN_TYPE = YES_ERROR;
				GCC_WARN_UNDECLARED_SELECTOR = YES;
				GCC_WARN_UNINITIALIZED_AUTOS = YES_AGGRESSIVE;
				GCC_WARN_UNUSED_FUNCTION = YES;
				GCC_WARN_UNUSED_VARIABLE = YES;
				IPHONEOS_DEPLOYMENT_TARGET = 9.2;
				MTL_ENABLE_DEBUG_INFO = NO;
				SDKROOT = iphoneos;
				VALIDATE_PRODUCT = YES;
			};
			name = Release;
		};
		1DAFC24E1C927BA700F45F3A /* Debug */ = {
			isa = XCBuildConfiguration;
			baseConfigurationReference = AF6A60833A02A61007F93064 /* Pods-japanize.debug.xcconfig */;
			buildSettings = {
				ASSETCATALOG_COMPILER_APPICON_NAME = AppIcon;
				EMBEDDED_CONTENT_CONTAINS_SWIFT = YES;
				INFOPLIST_FILE = japanize/Info.plist;
				IPHONEOS_DEPLOYMENT_TARGET = 8.0;
				LD_RUNPATH_SEARCH_PATHS = "$(inherited) @executable_path/Frameworks";
				PRODUCT_BUNDLE_IDENTIFIER = com.codepath.japanize;
				PRODUCT_NAME = "$(TARGET_NAME)";
			};
			name = Debug;
		};
		1DAFC24F1C927BA700F45F3A /* Release */ = {
			isa = XCBuildConfiguration;
			baseConfigurationReference = 65C68BEDE944D35F3BE2462C /* Pods-japanize.release.xcconfig */;
			buildSettings = {
				ASSETCATALOG_COMPILER_APPICON_NAME = AppIcon;
				EMBEDDED_CONTENT_CONTAINS_SWIFT = YES;
				INFOPLIST_FILE = japanize/Info.plist;
				IPHONEOS_DEPLOYMENT_TARGET = 8.0;
				LD_RUNPATH_SEARCH_PATHS = "$(inherited) @executable_path/Frameworks";
				PRODUCT_BUNDLE_IDENTIFIER = com.codepath.japanize;
				PRODUCT_NAME = "$(TARGET_NAME)";
			};
			name = Release;
		};
/* End XCBuildConfiguration section */

/* Begin XCConfigurationList section */
		1D0043CB1CB4B4AE006E6059 /* Build configuration list for PBXNativeTarget "widget" */ = {
			isa = XCConfigurationList;
			buildConfigurations = (
				1D0043C91CB4B4AE006E6059 /* Debug */,
				1D0043CA1CB4B4AE006E6059 /* Release */,
			);
			defaultConfigurationIsVisible = 0;
			defaultConfigurationName = Release;
		};
		1DAFC2361C927BA700F45F3A /* Build configuration list for PBXProject "japanize" */ = {
			isa = XCConfigurationList;
			buildConfigurations = (
				1DAFC24B1C927BA700F45F3A /* Debug */,
				1DAFC24C1C927BA700F45F3A /* Release */,
			);
			defaultConfigurationIsVisible = 0;
			defaultConfigurationName = Release;
		};
		1DAFC24D1C927BA700F45F3A /* Build configuration list for PBXNativeTarget "japanize" */ = {
			isa = XCConfigurationList;
			buildConfigurations = (
				1DAFC24E1C927BA700F45F3A /* Debug */,
				1DAFC24F1C927BA700F45F3A /* Release */,
			);
			defaultConfigurationIsVisible = 0;
			defaultConfigurationName = Release;
		};
/* End XCConfigurationList section */
	};
	rootObject = 1DAFC2331C927BA700F45F3A /* Project object */;
}
