// !$*UTF8*$!
{
	archiveVersion = 1;
	classes = {
	};
	objectVersion = 46;
	objects = {

/* Begin PBXBuildFile section */
		616E067B1C7D580D005342A2 /* AppDelegate.swift in Sources */ = {isa = PBXBuildFile; fileRef = 616E067A1C7D580D005342A2 /* AppDelegate.swift */; };
		616E06801C7D580D005342A2 /* Main.storyboard in Resources */ = {isa = PBXBuildFile; fileRef = 616E067E1C7D580D005342A2 /* Main.storyboard */; };
		616E06821C7D580D005342A2 /* Assets.xcassets in Resources */ = {isa = PBXBuildFile; fileRef = 616E06811C7D580D005342A2 /* Assets.xcassets */; };
		616E06851C7D580D005342A2 /* LaunchScreen.storyboard in Resources */ = {isa = PBXBuildFile; fileRef = 616E06831C7D580D005342A2 /* LaunchScreen.storyboard */; };
		687093DF1C7FBF8F005B5CDC /* LoginViewController.swift in Sources */ = {isa = PBXBuildFile; fileRef = 687093DE1C7FBF8F005B5CDC /* LoginViewController.swift */; };
/* End PBXBuildFile section */

/* Begin PBXFileReference section */
		616E06771C7D580D005342A2 /* CCSFJapanese.app */ = {isa = PBXFileReference; explicitFileType = wrapper.application; includeInIndex = 0; path = CCSFJapanese.app; sourceTree = BUILT_PRODUCTS_DIR; };
		616E067A1C7D580D005342A2 /* AppDelegate.swift */ = {isa = PBXFileReference; lastKnownFileType = sourcecode.swift; path = AppDelegate.swift; sourceTree = "<group>"; };
		616E067F1C7D580D005342A2 /* Base */ = {isa = PBXFileReference; lastKnownFileType = file.storyboard; name = Base; path = Base.lproj/Main.storyboard; sourceTree = "<group>"; };
		616E06811C7D580D005342A2 /* Assets.xcassets */ = {isa = PBXFileReference; lastKnownFileType = folder.assetcatalog; path = Assets.xcassets; sourceTree = "<group>"; };
		616E06841C7D580D005342A2 /* Base */ = {isa = PBXFileReference; lastKnownFileType = file.storyboard; name = Base; path = Base.lproj/LaunchScreen.storyboard; sourceTree = "<group>"; };
		616E06861C7D580D005342A2 /* Info.plist */ = {isa = PBXFileReference; lastKnownFileType = text.plist.xml; path = Info.plist; sourceTree = "<group>"; };
		687093DE1C7FBF8F005B5CDC /* LoginViewController.swift */ = {isa = PBXFileReference; fileEncoding = 4; lastKnownFileType = sourcecode.swift; path = LoginViewController.swift; sourceTree = "<group>"; };
/* End PBXFileReference section */

/* Begin PBXFrameworksBuildPhase section */
		616E06741C7D580D005342A2 /* Frameworks */ = {
			isa = PBXFrameworksBuildPhase;
			buildActionMask = 2147483647;
			files = (
			);
			runOnlyForDeploymentPostprocessing = 0;
		};
/* End PBXFrameworksBuildPhase section */

/* Begin PBXGroup section */
		616E066E1C7D580D005342A2 = {
			isa = PBXGroup;
			children = (
				616E06791C7D580D005342A2 /* CCSFJapanese */,
				616E06781C7D580D005342A2 /* Products */,
			);
			sourceTree = "<group>";
		};
		616E06781C7D580D005342A2 /* Products */ = {
			isa = PBXGroup;
			children = (
				616E06771C7D580D005342A2 /* CCSFJapanese.app */,
			);
			name = Products;
			sourceTree = "<group>";
		};
		616E06791C7D580D005342A2 /* CCSFJapanese */ = {
			isa = PBXGroup;
			children = (
				687093DD1C7FBF60005B5CDC /* Views */,
				616E067A1C7D580D005342A2 /* AppDelegate.swift */,
				616E067E1C7D580D005342A2 /* Main.storyboard */,
				616E06811C7D580D005342A2 /* Assets.xcassets */,
				616E06831C7D580D005342A2 /* LaunchScreen.storyboard */,
				616E06861C7D580D005342A2 /* Info.plist */,
			);
			path = CCSFJapanese;
			sourceTree = "<group>";
		};
		687093DD1C7FBF60005B5CDC /* Views */ = {
			isa = PBXGroup;
			children = (
				687093DE1C7FBF8F005B5CDC /* LoginViewController.swift */,
			);
			name = Views;
			sourceTree = "<group>";
		};
/* End PBXGroup section */

/* Begin PBXNativeTarget section */
		616E06761C7D580D005342A2 /* CCSFJapanese */ = {
			isa = PBXNativeTarget;
			buildConfigurationList = 616E06891C7D580D005342A2 /* Build configuration list for PBXNativeTarget "CCSFJapanese" */;
			buildPhases = (
				616E06731C7D580D005342A2 /* Sources */,
				616E06741C7D580D005342A2 /* Frameworks */,
				616E06751C7D580D005342A2 /* Resources */,
			);
			buildRules = (
			);
			dependencies = (
			);
			name = CCSFJapanese;
			productName = CCSFJapanese;
			productReference = 616E06771C7D580D005342A2 /* CCSFJapanese.app */;
			productType = "com.apple.product-type.application";
		};
/* End PBXNativeTarget section */

/* Begin PBXProject section */
		616E066F1C7D580D005342A2 /* Project object */ = {
			isa = PBXProject;
			attributes = {
				LastSwiftUpdateCheck = 0720;
				LastUpgradeCheck = 0720;
				ORGANIZATIONNAME = "Tom Horvath";
				TargetAttributes = {
					616E06761C7D580D005342A2 = {
						CreatedOnToolsVersion = 7.2.1;
					};
				};
			};
			buildConfigurationList = 616E06721C7D580D005342A2 /* Build configuration list for PBXProject "CCSFJapanese" */;
			compatibilityVersion = "Xcode 3.2";
			developmentRegion = English;
			hasScannedForEncodings = 0;
			knownRegions = (
				en,
				Base,
			);
			mainGroup = 616E066E1C7D580D005342A2;
			productRefGroup = 616E06781C7D580D005342A2 /* Products */;
			projectDirPath = "";
			projectRoot = "";
			targets = (
				616E06761C7D580D005342A2 /* CCSFJapanese */,
			);
		};
/* End PBXProject section */

/* Begin PBXResourcesBuildPhase section */
		616E06751C7D580D005342A2 /* Resources */ = {
			isa = PBXResourcesBuildPhase;
			buildActionMask = 2147483647;
			files = (
				616E06851C7D580D005342A2 /* LaunchScreen.storyboard in Resources */,
				616E06821C7D580D005342A2 /* Assets.xcassets in Resources */,
				616E06801C7D580D005342A2 /* Main.storyboard in Resources */,
			);
			runOnlyForDeploymentPostprocessing = 0;
		};
/* End PBXResourcesBuildPhase section */

/* Begin PBXSourcesBuildPhase section */
		616E06731C7D580D005342A2 /* Sources */ = {
			isa = PBXSourcesBuildPhase;
			buildActionMask = 2147483647;
			files = (
				687093DF1C7FBF8F005B5CDC /* LoginViewController.swift in Sources */,
				616E067B1C7D580D005342A2 /* AppDelegate.swift in Sources */,
			);
			runOnlyForDeploymentPostprocessing = 0;
		};
/* End PBXSourcesBuildPhase section */

/* Begin PBXVariantGroup section */
		616E067E1C7D580D005342A2 /* Main.storyboard */ = {
			isa = PBXVariantGroup;
			children = (
				616E067F1C7D580D005342A2 /* Base */,
			);
			name = Main.storyboard;
			sourceTree = "<group>";
		};
		616E06831C7D580D005342A2 /* LaunchScreen.storyboard */ = {
			isa = PBXVariantGroup;
			children = (
				616E06841C7D580D005342A2 /* Base */,
			);
			name = LaunchScreen.storyboard;
			sourceTree = "<group>";
		};
/* End PBXVariantGroup section */

/* Begin XCBuildConfiguration section */
		616E06871C7D580D005342A2 /* Debug */ = {
			isa = XCBuildConfiguration;
			buildSettings = {
				ALWAYS_SEARCH_USER_PATHS = NO;
				CLANG_CXX_LANGUAGE_STANDARD = "gnu++0x";
				CLANG_CXX_LIBRARY = "libc++";
				CLANG_ENABLE_MODULES = YES;
				CLANG_ENABLE_OBJC_ARC = YES;
				CLANG_WARN_BOOL_CONVERSION = YES;
				CLANG_WARN_CONSTANT_CONVERSION = YES;
				CLANG_WARN_DIRECT_OBJC_ISA_USAGE = YES_ERROR;
				CLANG_WARN_EMPTY_BODY = YES;
				CLANG_WARN_ENUM_CONVERSION = YES;
				CLANG_WARN_INT_CONVERSION = YES;
				CLANG_WARN_OBJC_ROOT_CLASS = YES_ERROR;
				CLANG_WARN_UNREACHABLE_CODE = YES;
				CLANG_WARN__DUPLICATE_METHOD_MATCH = YES;
				"CODE_SIGN_IDENTITY[sdk=iphoneos*]" = "iPhone Developer";
				COPY_PHASE_STRIP = NO;
				DEBUG_INFORMATION_FORMAT = dwarf;
				ENABLE_STRICT_OBJC_MSGSEND = YES;
				ENABLE_TESTABILITY = YES;
				GCC_C_LANGUAGE_STANDARD = gnu99;
				GCC_DYNAMIC_NO_PIC = NO;
				GCC_NO_COMMON_BLOCKS = YES;
				GCC_OPTIMIZATION_LEVEL = 0;
				GCC_PREPROCESSOR_DEFINITIONS = (
					"DEBUG=1",
					"$(inherited)",
				);
				GCC_WARN_64_TO_32_BIT_CONVERSION = YES;
				GCC_WARN_ABOUT_RETURN_TYPE = YES_ERROR;
				GCC_WARN_UNDECLARED_SELECTOR = YES;
				GCC_WARN_UNINITIALIZED_AUTOS = YES_AGGRESSIVE;
				GCC_WARN_UNUSED_FUNCTION = YES;
				GCC_WARN_UNUSED_VARIABLE = YES;
				IPHONEOS_DEPLOYMENT_TARGET = 9.2;
				MTL_ENABLE_DEBUG_INFO = YES;
				ONLY_ACTIVE_ARCH = YES;
				SDKROOT = iphoneos;
				SWIFT_OPTIMIZATION_LEVEL = "-Onone";
				TARGETED_DEVICE_FAMILY = "1,2";
			};
			name = Debug;
		};
		616E06881C7D580D005342A2 /* Release */ = {
			isa = XCBuildConfiguration;
			buildSettings = {
				ALWAYS_SEARCH_USER_PATHS = NO;
				CLANG_CXX_LANGUAGE_STANDARD = "gnu++0x";
				CLANG_CXX_LIBRARY = "libc++";
				CLANG_ENABLE_MODULES = YES;
				CLANG_ENABLE_OBJC_ARC = YES;
				CLANG_WARN_BOOL_CONVERSION = YES;
				CLANG_WARN_CONSTANT_CONVERSION = YES;
				CLANG_WARN_DIRECT_OBJC_ISA_USAGE = YES_ERROR;
				CLANG_WARN_EMPTY_BODY = YES;
				CLANG_WARN_ENUM_CONVERSION = YES;
				CLANG_WARN_INT_CONVERSION = YES;
				CLANG_WARN_OBJC_ROOT_CLASS = YES_ERROR;
				CLANG_WARN_UNREACHABLE_CODE = YES;
				CLANG_WARN__DUPLICATE_METHOD_MATCH = YES;
				"CODE_SIGN_IDENTITY[sdk=iphoneos*]" = "iPhone Developer";
				COPY_PHASE_STRIP = NO;
				DEBUG_INFORMATION_FORMAT = "dwarf-with-dsym";
				ENABLE_NS_ASSERTIONS = NO;
				ENABLE_STRICT_OBJC_MSGSEND = YES;
				GCC_C_LANGUAGE_STANDARD = gnu99;
				GCC_NO_COMMON_BLOCKS = YES;
				GCC_WARN_64_TO_32_BIT_CONVERSION = YES;
				GCC_WARN_ABOUT_RETURN_TYPE = YES_ERROR;
				GCC_WARN_UNDECLARED_SELECTOR = YES;
				GCC_WARN_UNINITIALIZED_AUTOS = YES_AGGRESSIVE;
				GCC_WARN_UNUSED_FUNCTION = YES;
				GCC_WARN_UNUSED_VARIABLE = YES;
				IPHONEOS_DEPLOYMENT_TARGET = 9.2;
				MTL_ENABLE_DEBUG_INFO = NO;
				SDKROOT = iphoneos;
				TARGETED_DEVICE_FAMILY = "1,2";
				VALIDATE_PRODUCT = YES;
			};
			name = Release;
		};
		616E068A1C7D580D005342A2 /* Debug */ = {
			isa = XCBuildConfiguration;
			buildSettings = {
				ASSETCATALOG_COMPILER_APPICON_NAME = AppIcon;
				INFOPLIST_FILE = CCSFJapanese/Info.plist;
				LD_RUNPATH_SEARCH_PATHS = "$(inherited) @executable_path/Frameworks";
				PRODUCT_BUNDLE_IDENTIFIER = com.horvathtom.CCSFJapanese;
				PRODUCT_NAME = "$(TARGET_NAME)";
			};
			name = Debug;
		};
		616E068B1C7D580D005342A2 /* Release */ = {
			isa = XCBuildConfiguration;
			buildSettings = {
				ASSETCATALOG_COMPILER_APPICON_NAME = AppIcon;
				INFOPLIST_FILE = CCSFJapanese/Info.plist;
				LD_RUNPATH_SEARCH_PATHS = "$(inherited) @executable_path/Frameworks";
				PRODUCT_BUNDLE_IDENTIFIER = com.horvathtom.CCSFJapanese;
				PRODUCT_NAME = "$(TARGET_NAME)";
			};
			name = Release;
		};
/* End XCBuildConfiguration section */

/* Begin XCConfigurationList section */
		616E06721C7D580D005342A2 /* Build configuration list for PBXProject "CCSFJapanese" */ = {
			isa = XCConfigurationList;
			buildConfigurations = (
				616E06871C7D580D005342A2 /* Debug */,
				616E06881C7D580D005342A2 /* Release */,
			);
			defaultConfigurationIsVisible = 0;
			defaultConfigurationName = Release;
		};
		616E06891C7D580D005342A2 /* Build configuration list for PBXNativeTarget "CCSFJapanese" */ = {
			isa = XCConfigurationList;
			buildConfigurations = (
				616E068A1C7D580D005342A2 /* Debug */,
				616E068B1C7D580D005342A2 /* Release */,
			);
			defaultConfigurationIsVisible = 0;
			defaultConfigurationName = Release;
		};
/* End XCConfigurationList section */
	};
	rootObject = 616E066F1C7D580D005342A2 /* Project object */;
}
